#MicroXplorer Configuration settings - do not modify
Mcu.Family=STM32F4
RCC.PLLSourceVirtual=RCC_PLLSOURCE_HSE
ProjectManager.MainLocation=Core/Src
FREERTOS.Queues01=myQueue01,16,uint32_t,0,Dynamic,NULL,NULL
PA6.Mode=Full_Duplex_Master
ProjectManager.ProjectFileName=demortos.ioc
PH0-OSC_IN.Signal=RCC_OSC_IN
RCC.CortexFreq_Value=25000000
FREERTOS.Tasks01=defaultTask,24,128,StartDefaultTask,Default,NULL,Dynamic,NULL,NULL;myTask02,8,128,StartTask02,Default,NULL,Dynamic,NULL,NULL;myTask03,44,128,StartTask03,Default,NULL,Dynamic,NULL,NULL
ADC1.Rank-0\#ChannelRegularConversion=1
PA7.Mode=Full_Duplex_Master
ProjectManager.KeepUserCode=true
Mcu.UserName=STM32F446RETx
Mcu.PinsNb=14
SPI1.VirtualType=VM_MASTER
VP_ADC1_TempSens_Input.Mode=IN-TempSens
ProjectManager.NoMain=false
SPI1.IPParameters=VirtualType,Mode,Direction,CalculateBaudRate,BaudRatePrescaler
ADC1.IPParameters=Rank-0\#ChannelRegularConversion,master,Channel-0\#ChannelRegularConversion,SamplingTime-0\#ChannelRegularConversion,NbrOfConversionFlag
NVIC.SavedSvcallIrqHandlerGenerated=true
RCC.PLLCLKFreq_Value=150000000
RCC.FMPI2C1Freq_Value=25000000
FREERTOS.Events01=myEvent01,Dynamic,NULL;myEvent02,Dynamic,NULL;myEvent03,Dynamic,NULL
RCC.PLLQCLKFreq_Value=150000000
RCC.VCOI2SInputFreq_Value=1562500
ProjectManager.functionlistsort=1-MX_GPIO_Init-GPIO-false-HAL-true,2-SystemClock_Config-RCC-false-HAL-false,3-MX_ADC1_Init-ADC1-false-HAL-true,4-MX_SPI1_Init-SPI1-false-HAL-true,5-MX_FATFS_Init-FATFS-false-HAL-false,6-MX_TIM1_Init-TIM1-false-HAL-true,7-MX_TIM4_Init-TIM4-false-HAL-true
NVIC.EXTI3_IRQn=true\:5\:0\:false\:false\:true\:true\:true\:true
PC3.Locked=true
ProjectManager.DefaultFWLocation=true
RCC.PLLI2SRCLKFreq_Value=150000000
ProjectManager.DeletePrevious=true
RCC.SAIAFreq_Value=150000000
PinOutPanel.RotationAngle=0
RCC.FamilyName=M
RCC.SYSCLKSource=RCC_SYSCLKSOURCE_HSE
ProjectManager.StackSize=0x400
PA0-WKUP.Signal=ADCx_IN0
VP_FREERTOS_VS_CMSIS_V2.Mode=CMSIS_V2
Mcu.IP4=RCC
RCC.FCLKCortexFreq_Value=25000000
Mcu.IP5=SPI1
Mcu.IP2=FREERTOS
NVIC.SVCall_IRQn=true\:0\:0\:false\:false\:false\:false\:false\:false
NVIC.ADC_IRQn=true\:5\:0\:false\:false\:true\:true\:true\:true
Mcu.IP3=NVIC
Mcu.IP0=ADC1
FREERTOS.configENABLE_FPU=1
Mcu.IP1=FATFS
SH.GPXTI3.ConfNb=1
Mcu.UserConstants=
VP_TIM4_VS_ClockSourceINT.Signal=TIM4_VS_ClockSourceINT
ProjectManager.TargetToolchain=STM32CubeIDE
Mcu.ThirdPartyNb=0
RCC.SDIOFreq_Value=150000000
SPI1.Direction=SPI_DIRECTION_2LINES
RCC.HCLKFreq_Value=25000000
Mcu.IPNb=9
ProjectManager.PreviousToolchain=
RCC.APB2TimFreq_Value=25000000
VP_TIM1_VS_ClockSourceINT.Signal=TIM1_VS_ClockSourceINT
RCC.SPDIFRXFreq_Value=150000000
RCC.I2S1Freq_Value=150000000
SPI1.CalculateBaudRate=12.5 MBits/s
PC3.Signal=GPXTI3
Mcu.Pin6=PA7
Mcu.Pin7=PB3
ProjectManager.RegisterCallBack=
Mcu.Pin8=VP_ADC1_TempSens_Input
RCC.USBFreq_Value=150000000
Mcu.Pin9=VP_FATFS_VS_Generic
RCC.VCOSAIOutputFreq_Value=300000000
FREERTOS.IPParameters=Tasks01,configENABLE_FPU,Events01,FootprintOK,Queues01,Timers01,configGENERATE_RUN_TIME_STATS
RCC.PLLSAIoutputFreq_Value=150000000
PA1.Signal=ADCx_IN1
RCC.AHBFreq_Value=25000000
PH0-OSC_IN.Mode=HSE-External-Clock-Source
Mcu.Pin0=PH0-OSC_IN
Mcu.Pin1=PH1-OSC_OUT
VP_FATFS_VS_Generic.Mode=User_defined
GPIO.groupedBy=Group By Peripherals
Mcu.Pin2=PC3
Mcu.Pin3=PA0-WKUP
Mcu.Pin4=PA1
RCC.VCOI2SOutputFreq_Value=300000000
Mcu.Pin5=PA6
ADC1.Channel-0\#ChannelRegularConversion=ADC_CHANNEL_TEMPSENSOR
ProjectManager.ProjectBuild=false
NVIC.UsageFault_IRQn=true\:0\:0\:false\:false\:true\:false\:false\:false
NVIC.DebugMonitor_IRQn=true\:0\:0\:false\:false\:true\:false\:false\:false
PB3.Mode=Full_Duplex_Master
RCC.PLLSAIPCLKFreq_Value=150000000
board=custom
SH.GPXTI3.0=GPIO_EXTI3
RCC.VCOOutputFreq_Value=300000000
NVIC.SysTick_IRQn=true\:15\:0\:false\:false\:false\:true\:false\:true
ProjectManager.LastFirmware=true
NVIC.SPI1_IRQn=true\:5\:0\:false\:false\:true\:true\:true\:true
ProjectManager.FirmwarePackage=STM32Cube FW_F4 V1.26.2
MxDb.Version=DB.6.0.21
NVIC.SavedSystickIrqHandlerGenerated=true
RCC.APB2Freq_Value=25000000
ProjectManager.BackupPrevious=false
MxCube.Version=6.2.1
RCC.VCOInputFreq_Value=1562500
VP_SYS_VS_tim2.Signal=SYS_VS_tim2
RCC.PLLI2SPCLKFreq_Value=150000000
SPI1.Mode=SPI_MODE_MASTER
SH.ADCx_IN0.ConfNb=1
SH.ADCx_IN1.ConfNb=1
VP_ADC1_TempSens_Input.Signal=ADC1_TempSens_Input
NVIC.TIM2_IRQn=true\:0\:0\:false\:false\:true\:false\:false\:true
File.Version=6
PH1-OSC_OUT.Signal=RCC_OSC_OUT
NVIC.NonMaskableInt_IRQn=true\:0\:0\:false\:false\:true\:false\:false\:false
RCC.PLLRCLKFreq_Value=150000000
SH.ADCx_IN0.0=ADC1_IN0,IN0
NVIC.PendSV_IRQn=true\:15\:0\:false\:false\:false\:true\:false\:false
ProjectManager.FreePins=false
RCC.IPParameters=AHBFreq_Value,APB1Freq_Value,APB1TimFreq_Value,APB2Freq_Value,APB2TimFreq_Value,CECFreq_Value,CortexFreq_Value,FCLKCortexFreq_Value,FMPI2C1Freq_Value,FamilyName,HCLKFreq_Value,I2S1Freq_Value,I2S2Freq_Value,MCO2PinFreq_Value,PLLCLKFreq_Value,PLLI2SPCLKFreq_Value,PLLI2SQCLKFreq_Value,PLLI2SRCLKFreq_Value,PLLI2SoutputFreq_Value,PLLQCLKFreq_Value,PLLRCLKFreq_Value,PLLSAIPCLKFreq_Value,PLLSAIQCLKFreq_Value,PLLSAIoutputFreq_Value,PLLSourceVirtual,PWRFreq_Value,SAIAFreq_Value,SAIBFreq_Value,SDIOFreq_Value,SPDIFRXFreq_Value,SYSCLKFreq_VALUE,SYSCLKSource,USBFreq_Value,VCOI2SInputFreq_Value,VCOI2SOutputFreq_Value,VCOInputFreq_Value,VCOOutputFreq_Value,VCOSAIInputFreq_Value,VCOSAIOutputFreq_Value
ProjectManager.AskForMigrate=true
Mcu.Name=STM32F446R(C-E)Tx
RCC.PLLI2SQCLKFreq_Value=150000000
RCC.PLLI2SoutputFreq_Value=150000000
ProjectManager.HalAssertFull=false
VP_TIM1_VS_ClockSourceINT.Mode=Internal
ADC1.SamplingTime-0\#ChannelRegularConversion=ADC_SAMPLETIME_3CYCLES
NVIC.SavedPendsvIrqHandlerGenerated=true
ProjectManager.ProjectName=demortos
ProjectManager.UnderRoot=true
Mcu.IP8=TIM4
VP_FREERTOS_VS_CMSIS_V2.Signal=FREERTOS_VS_CMSIS_V2
Mcu.IP6=SYS
RCC.VCOSAIInputFreq_Value=1562500
Mcu.IP7=TIM1
ProjectManager.CoupleFile=false
PH1-OSC_OUT.Mode=HSE-External-Clock-Source
RCC.MCO2PinFreq_Value=25000000
PB3.Signal=SPI1_SCK
RCC.SYSCLKFreq_VALUE=25000000
Mcu.Package=LQFP64
VP_SYS_VS_tim2.Mode=TIM2
PA6.Signal=SPI1_MISO
ADC1.master=1
NVIC.TimeBase=TIM2_IRQn
VP_FATFS_VS_Generic.Signal=FATFS_VS_Generic
RCC.I2S2Freq_Value=150000000
NVIC.ForceEnableDMAVector=true
KeepUserPlacement=false
NVIC.MemoryManagement_IRQn=true\:0\:0\:false\:false\:true\:false\:false\:false
ProjectManager.CompilerOptimize=6
ProjectManager.ToolChainLocation=
NVIC.TimeBaseIP=TIM2
FREERTOS.FootprintOK=true
ProjectManager.HeapSize=0x200
NVIC.HardFault_IRQn=true\:0\:0\:false\:false\:true\:false\:false\:false
Mcu.Pin13=VP_TIM4_VS_ClockSourceINT
NVIC.TIM1_UP_TIM10_IRQn=true\:5\:0\:false\:false\:true\:true\:true\:true
ProjectManager.ComputerToolchain=false
FREERTOS.Timers01=myTimer01,Callback01,osTimerPeriodic,Default,NULL,Dynamic,NULL
VP_TIM4_VS_ClockSourceINT.Mode=Internal
NVIC.PriorityGroup=NVIC_PRIORITYGROUP_4
ADC1.NbrOfConversionFlag=1
SH.ADCx_IN1.0=ADC1_IN1,IN1
Mcu.Pin11=VP_SYS_VS_tim2
Mcu.Pin12=VP_TIM1_VS_ClockSourceINT
Mcu.Pin10=VP_FREERTOS_VS_CMSIS_V2
RCC.CECFreq_Value=32786.88524590164
RCC.APB1TimFreq_Value=25000000
FREERTOS.configGENERATE_RUN_TIME_STATS=1
NVIC.BusFault_IRQn=true\:0\:0\:false\:false\:true\:false\:false\:false
RCC.PWRFreq_Value=25000000
NVIC.TIM4_IRQn=true\:5\:0\:false\:false\:true\:true\:true\:true
RCC.SAIBFreq_Value=150000000
RCC.APB1Freq_Value=25000000
SPI1.BaudRatePrescaler=SPI_BAUDRATEPRESCALER_2
ProjectManager.CustomerFirmwarePackage=
ProjectManager.DeviceId=STM32F446RETx
ProjectManager.LibraryCopy=1
RCC.PLLSAIQCLKFreq_Value=150000000
PA7.Signal=SPI1_MOSI
isbadioc=false
